
Microsoft Visual Studio Solution File, Format Version 12.00
# Visual Studio Version 17
VisualStudioVersion = 17.14.36414.22 d17.14
MinimumVisualStudioVersion = 10.0.40219.1
Project("{FAE04EC0-301F-11D3-BF4B-00C04F79EFBC}") = "Sheenam", "Sheenam.csproj", "{CEB4E9D5-AF41-4B95-821D-39AE6BBAB404}"
EndProject
Global
	GlobalSection(SolutionConfigurationPlatforms) = preSolution
		Debug|Any CPU = Debug|Any CPU
		Release|Any CPU = Release|Any CPU
	EndGlobalSection
	GlobalSection(ProjectConfigurationPlatforms) = postSolution
		{CEB4E9D5-AF41-4B95-821D-39AE6BBAB404}.Debug|Any CPU.ActiveCfg = Debug|Any CPU
		{CEB4E9D5-AF41-4B95-821D-39AE6BBAB404}.Debug|Any CPU.Build.0 = Debug|Any CPU
		{CEB4E9D5-AF41-4B95-821D-39AE6BBAB404}.Release|Any CPU.ActiveCfg = Release|Any CPU
		{CEB4E9D5-AF41-4B95-821D-39AE6BBAB404}.Release|Any CPU.Build.0 = Release|Any CPU
	EndGlobalSection
	GlobalSection(SolutionProperties) = preSolution
		HideSolutionNode = FALSE
	EndGlobalSection
	GlobalSection(ExtensibilityGlobals) = postSolution
		SolutionGuid = {BA36406E-5982-44F7-AB35-20FF27DBABFE}
	EndGlobalSection
EndGlobal
